
Microsoft Visual Studio Solution File, Format Version 12.00
# Visual Studio Version 17
VisualStudioVersion = 17.5.002.0
MinimumVisualStudioVersion = 10.0.40219.1
Project("{9A19103F-16F7-4668-BE54-9A1E7A4F7556}") = "GhostPlugin", "GhostPlugin.csproj", "{115006C2-43DE-4049-941C-958B12954063}"
EndProject
Global
	GlobalSection(SolutionConfigurationPlatforms) = preSolution
		Debug|Any CPU = Debug|Any CPU
		Release|Any CPU = Release|Any CPU
	EndGlobalSection
	GlobalSection(ProjectConfigurationPlatforms) = postSolution
		{115006C2-43DE-4049-941C-958B12954063}.Debug|Any CPU.ActiveCfg = Debug|Any CPU
		{115006C2-43DE-4049-941C-958B12954063}.Debug|Any CPU.Build.0 = Debug|Any CPU
		{115006C2-43DE-4049-941C-958B12954063}.Release|Any CPU.ActiveCfg = Release|Any CPU
		{115006C2-43DE-4049-941C-958B12954063}.Release|Any CPU.Build.0 = Release|Any CPU
	EndGlobalSection
	GlobalSection(SolutionProperties) = preSolution
		HideSolutionNode = FALSE
	EndGlobalSection
	GlobalSection(ExtensibilityGlobals) = postSolution
		SolutionGuid = {F71CD3E8-2B4D-4112-8F10-4B16AB9904E5}
	EndGlobalSection
EndGlobal
